
Microsoft Visual Studio Solution File, Format Version 12.00
# Visual Studio Version 17
VisualStudioVersion = 17.0.32112.339
MinimumVisualStudioVersion = 10.0.40219.1
Project("{F184B08F-C81C-45F6-A57F-5ABD9991F28F}") = "Video_130", "Video_130\Video_130.vbproj", "{6C01F6F6-9E22-4D35-BC0C-5138F81C54A3}"
EndProject
Global
	GlobalSection(SolutionConfigurationPlatforms) = preSolution
		Debug|Any CPU = Debug|Any CPU
		Release|Any CPU = Release|Any CPU
	EndGlobalSection
	GlobalSection(ProjectConfigurationPlatforms) = postSolution
		{6C01F6F6-9E22-4D35-BC0C-5138F81C54A3}.Debug|Any CPU.ActiveCfg = Debug|Any CPU
		{6C01F6F6-9E22-4D35-BC0C-5138F81C54A3}.Debug|Any CPU.Build.0 = Debug|Any CPU
		{6C01F6F6-9E22-4D35-BC0C-5138F81C54A3}.Release|Any CPU.ActiveCfg = Release|Any CPU
		{6C01F6F6-9E22-4D35-BC0C-5138F81C54A3}.Release|Any CPU.Build.0 = Release|Any CPU
	EndGlobalSection
	GlobalSection(SolutionProperties) = preSolution
		HideSolutionNode = FALSE
	EndGlobalSection
	GlobalSection(ExtensibilityGlobals) = postSolution
		SolutionGuid = {401ACCC3-29C3-4EAF-9B41-A3EA42188860}
	EndGlobalSection
EndGlobal
